{
  "name": "@microgifter/mcp-service",
  "version": "0.1.0",
  "lockfileVersion": 3,
  "requires": true,
  "packages": {
    "": {
      "name": "@microgifter/mcp-service",
      "version": "0.1.0",
      "devDependencies": {
        "typescript": "5.8.3"
      },
      "engines": {
        "node": ">=20"
      }
    },
    "node_modules/typescript": {
      "version": "5.8.3",
      "resolved": "https://registry.npmjs.org/typescript/-/typescript-5.8.3.tgz",
      "integrity": "sha512-D7lC0kcehVH7Mb26MRQi64LMyRJsj3dToJxM1+JVTl53DQSV5/7oUGWQLcKl1C1KnoVHxMMU2FNQMffr7F3Row==",
      "dev": true,
      "license": "Apache-2.0",
      "bin": {
        "tsc": "bin/tsc",
        "tsserver": "bin/tsserver"
      },
      "engines": {
        "node": ">=14.17"
      }
    }
  }
}
